{
  "requires": true,
  "lockfileVersion": 1,
  "dependencies": {
    "es6-promise": {
      "version": "4.2.8",
      "resolved": "https://registry.npmjs.org/es6-promise/-/es6-promise-4.2.8.tgz",
      "integrity": "sha512-HJDGx5daxeIvxdBxvG2cb9g4tEvwIk3i8+nhX0yGrYmZUzbkdg8QbDevheDB8gd0//uPj4c1EQua8Q+MViT0/w=="
    },
    "jquery-validation": {
      "version": "1.19.2",
      "resolved": "https://registry.npmjs.org/jquery-validation/-/jquery-validation-1.19.2.tgz",
      "integrity": "sha512-yHaAqOGaAB7+p2u5lpzhhQVt3CBMUw3fHcuCJ7nXmXz0LWLHPN7yOhwnocp5nrn2SmnXR1jpV+whx2j1kLz1tQ=="
    },
    "locutus": {
      "version": "2.0.14",
      "resolved": "https://registry.npmjs.org/locutus/-/locutus-2.0.14.tgz",
      "integrity": "sha512-0H1o1iHNEp3kJ5rW57bT/CAP5g6Qm0Zd817Wcx2+rOMTYyIJoc482Ja1v9dB6IUjwvWKcBNdYi7x2lRXtlJ3bA==",
      "requires": {
        "es6-promise": "^4.2.5"
      }
    },
    "name-case-lib-port": {
      "version": "0.0.4",
      "resolved": "https://registry.npmjs.org/name-case-lib-port/-/name-case-lib-port-0.0.4.tgz",
      "integrity": "sha1-OcksoGR6Xz1veoclBtNNK4i6OFo=",
      "requires": {
        "locutus": "^2.0.9"
      }
    },
    "validate.js": {
      "version": "0.13.1",
      "resolved": "https://registry.npmjs.org/validate.js/-/validate.js-0.13.1.tgz",
      "integrity": "sha512-PnFM3xiZ+kYmLyTiMgTYmU7ZHkjBZz2/+F0DaALc/uUtVzdCt1wAosvYJ5hFQi/hz8O4zb52FQhHZRC+uVkJ+g=="
    }
  }
}
